
Microsoft Visual Studio Solution File, Format Version 12.00
# Visual Studio Version 16
VisualStudioVersion = 16.0.31829.152
MinimumVisualStudioVersion = 10.0.40219.1
Project("{FAE04EC0-301F-11D3-BF4B-00C04F79EFBC}") = "AirlineTicketingServer", "AirlineTicketingServer\AirlineTicketingServer.csproj", "{CAADD150-8476-4B6C-9C0B-F841F5EE66E8}"
EndProject
Project("{FAE04EC0-301F-11D3-BF4B-00C04F79EFBC}") = "Client", "Client\Client.csproj", "{09D3F3BB-A196-4AE2-B818-691C38085A42}"
EndProject
Project("{FAE04EC0-301F-11D3-BF4B-00C04F79EFBC}") = "AdminPanel", "AdminPanel\AdminPanel.csproj", "{A1FECD15-22D3-4BC2-8E89-0C394A22CF5A}"
EndProject
Global
	GlobalSection(SolutionConfigurationPlatforms) = preSolution
		Debug|Any CPU = Debug|Any CPU
		Release|Any CPU = Release|Any CPU
	EndGlobalSection
	GlobalSection(ProjectConfigurationPlatforms) = postSolution
		{CAADD150-8476-4B6C-9C0B-F841F5EE66E8}.Debug|Any CPU.ActiveCfg = Debug|Any CPU
		{CAADD150-8476-4B6C-9C0B-F841F5EE66E8}.Debug|Any CPU.Build.0 = Debug|Any CPU
		{CAADD150-8476-4B6C-9C0B-F841F5EE66E8}.Release|Any CPU.ActiveCfg = Release|Any CPU
		{CAADD150-8476-4B6C-9C0B-F841F5EE66E8}.Release|Any CPU.Build.0 = Release|Any CPU
		{09D3F3BB-A196-4AE2-B818-691C38085A42}.Debug|Any CPU.ActiveCfg = Debug|Any CPU
		{09D3F3BB-A196-4AE2-B818-691C38085A42}.Debug|Any CPU.Build.0 = Debug|Any CPU
		{09D3F3BB-A196-4AE2-B818-691C38085A42}.Release|Any CPU.ActiveCfg = Release|Any CPU
		{09D3F3BB-A196-4AE2-B818-691C38085A42}.Release|Any CPU.Build.0 = Release|Any CPU
		{A1FECD15-22D3-4BC2-8E89-0C394A22CF5A}.Debug|Any CPU.ActiveCfg = Debug|Any CPU
		{A1FECD15-22D3-4BC2-8E89-0C394A22CF5A}.Debug|Any CPU.Build.0 = Debug|Any CPU
		{A1FECD15-22D3-4BC2-8E89-0C394A22CF5A}.Release|Any CPU.ActiveCfg = Release|Any CPU
		{A1FECD15-22D3-4BC2-8E89-0C394A22CF5A}.Release|Any CPU.Build.0 = Release|Any CPU
	EndGlobalSection
	GlobalSection(SolutionProperties) = preSolution
		HideSolutionNode = FALSE
	EndGlobalSection
	GlobalSection(ExtensibilityGlobals) = postSolution
		SolutionGuid = {06C404D9-701E-4200-9B2C-304632D143D3}
	EndGlobalSection
EndGlobal
